
Microsoft Visual Studio Solution File, Format Version 12.00
# Visual Studio Version 17
VisualStudioVersion = 17.14.36221.1 d17.14
MinimumVisualStudioVersion = 10.0.40219.1
Project("{FAE04EC0-301F-11D3-BF4B-00C04F79EFBC}") = "BellosoftWebApi", "BellosoftWebApi\BellosoftWebApi.csproj", "{B9A36D60-E82A-46CB-85BD-AB8E35293472}"
EndProject
Global
	GlobalSection(SolutionConfigurationPlatforms) = preSolution
		Debug|Any CPU = Debug|Any CPU
		Release|Any CPU = Release|Any CPU
	EndGlobalSection
	GlobalSection(ProjectConfigurationPlatforms) = postSolution
		{B9A36D60-E82A-46CB-85BD-AB8E35293472}.Debug|Any CPU.ActiveCfg = Debug|Any CPU
		{B9A36D60-E82A-46CB-85BD-AB8E35293472}.Debug|Any CPU.Build.0 = Debug|Any CPU
		{B9A36D60-E82A-46CB-85BD-AB8E35293472}.Release|Any CPU.ActiveCfg = Release|Any CPU
		{B9A36D60-E82A-46CB-85BD-AB8E35293472}.Release|Any CPU.Build.0 = Release|Any CPU
	EndGlobalSection
	GlobalSection(SolutionProperties) = preSolution
		HideSolutionNode = FALSE
	EndGlobalSection
	GlobalSection(ExtensibilityGlobals) = postSolution
		SolutionGuid = {0F77BC39-6DE6-4845-AC30-EBC743BE1B54}
	EndGlobalSection
EndGlobal
